
Microsoft Visual Studio Solution File, Format Version 12.00
# Visual Studio Version 17
VisualStudioVersion = 17.5.002.0
MinimumVisualStudioVersion = 10.0.40219.1
Project("{9A19103F-16F7-4668-BE54-9A1E7A4F7556}") = "re-buildnetauth", "re-buildnetauth\re-buildnetauth.csproj", "{513C4B54-CB17-42B5-B225-D141DD3E286C}"
EndProject
Global
	GlobalSection(SolutionConfigurationPlatforms) = preSolution
		Debug|Any CPU = Debug|Any CPU
		Release|Any CPU = Release|Any CPU
	EndGlobalSection
	GlobalSection(ProjectConfigurationPlatforms) = postSolution
		{513C4B54-CB17-42B5-B225-D141DD3E286C}.Debug|Any CPU.ActiveCfg = Debug|Any CPU
		{513C4B54-CB17-42B5-B225-D141DD3E286C}.Debug|Any CPU.Build.0 = Debug|Any CPU
		{513C4B54-CB17-42B5-B225-D141DD3E286C}.Release|Any CPU.ActiveCfg = Release|Any CPU
		{513C4B54-CB17-42B5-B225-D141DD3E286C}.Release|Any CPU.Build.0 = Release|Any CPU
	EndGlobalSection
	GlobalSection(SolutionProperties) = preSolution
		HideSolutionNode = FALSE
	EndGlobalSection
	GlobalSection(ExtensibilityGlobals) = postSolution
		SolutionGuid = {C3C8D23A-4F15-4F9F-A765-9206AEC97168}
	EndGlobalSection
EndGlobal
